
Microsoft Visual Studio Solution File, Format Version 12.00
Project("{FAE04EC0-301F-11D3-BF4B-00C04F79EFBC}") = "PNetPz2", "PNetPz2\PNetPz2.csproj", "{952D944C-765F-4DF6-986E-967209055077}"
EndProject
Global
	GlobalSection(SolutionConfigurationPlatforms) = preSolution
		Debug|Any CPU = Debug|Any CPU
		Release|Any CPU = Release|Any CPU
	EndGlobalSection
	GlobalSection(ProjectConfigurationPlatforms) = postSolution
		{952D944C-765F-4DF6-986E-967209055077}.Debug|Any CPU.ActiveCfg = Debug|Any CPU
		{952D944C-765F-4DF6-986E-967209055077}.Debug|Any CPU.Build.0 = Debug|Any CPU
		{952D944C-765F-4DF6-986E-967209055077}.Release|Any CPU.ActiveCfg = Release|Any CPU
		{952D944C-765F-4DF6-986E-967209055077}.Release|Any CPU.Build.0 = Release|Any CPU
	EndGlobalSection
EndGlobal
